// !$*UTF8*$!
{
	archiveVersion = 1;
	classes = {
	};
	objectVersion = 56;
	objects = {

/* Begin PBXBuildFile section */
		573AA4582BC1CB3200272A56 /* SnowSeekerApp.swift in Sources */ = {isa = PBXBuildFile; fileRef = 573AA4572BC1CB3200272A56 /* SnowSeekerApp.swift */; };
		573AA45A2BC1CB3200272A56 /* ContentView.swift in Sources */ = {isa = PBXBuildFile; fileRef = 573AA4592BC1CB3200272A56 /* ContentView.swift */; };
		573AA45C2BC1CB3300272A56 /* Assets.xcassets in Resources */ = {isa = PBXBuildFile; fileRef = 573AA45B2BC1CB3300272A56 /* Assets.xcassets */; };
		573AA4602BC1CB3300272A56 /* Preview Assets.xcassets in Resources */ = {isa = PBXBuildFile; fileRef = 573AA45F2BC1CB3300272A56 /* Preview Assets.xcassets */; };
		573AA46A2BC1CB3300272A56 /* SnowSeekerTests.swift in Sources */ = {isa = PBXBuildFile; fileRef = 573AA4692BC1CB3300272A56 /* SnowSeekerTests.swift */; };
		573AA4742BC1CB3300272A56 /* SnowSeekerUITests.swift in Sources */ = {isa = PBXBuildFile; fileRef = 573AA4732BC1CB3300272A56 /* SnowSeekerUITests.swift */; };
		573AA4762BC1CB3300272A56 /* SnowSeekerUITestsLaunchTests.swift in Sources */ = {isa = PBXBuildFile; fileRef = 573AA4752BC1CB3300272A56 /* SnowSeekerUITestsLaunchTests.swift */; };
		579189132BC3A3C700F3624E /* resorts.json in Resources */ = {isa = PBXBuildFile; fileRef = 579189122BC3A3C700F3624E /* resorts.json */; };
		579189152BC3A3FE00F3624E /* Resort.swift in Sources */ = {isa = PBXBuildFile; fileRef = 579189142BC3A3FE00F3624E /* Resort.swift */; };
		579189172BC3A46000F3624E /* Bundle-Decoable.swift in Sources */ = {isa = PBXBuildFile; fileRef = 579189162BC3A46000F3624E /* Bundle-Decoable.swift */; };
		579189192BC3A85000F3624E /* WelcomeView.swift in Sources */ = {isa = PBXBuildFile; fileRef = 579189182BC3A85000F3624E /* WelcomeView.swift */; };
		5791891B2BC3ACB700F3624E /* ResortView.swift in Sources */ = {isa = PBXBuildFile; fileRef = 5791891A2BC3ACB700F3624E /* ResortView.swift */; };
		5791891D2BC3ADD700F3624E /* SkiDetailsView.swift in Sources */ = {isa = PBXBuildFile; fileRef = 5791891C2BC3ADD700F3624E /* SkiDetailsView.swift */; };
		5791891F2BC3AE6B00F3624E /* ResortDetailsView.swift in Sources */ = {isa = PBXBuildFile; fileRef = 5791891E2BC3AE6B00F3624E /* ResortDetailsView.swift */; };
		579189212BC4C85C00F3624E /* Facility.swift in Sources */ = {isa = PBXBuildFile; fileRef = 579189202BC4C85C00F3624E /* Facility.swift */; };
		579189232BC4DA2800F3624E /* Favorites.swift in Sources */ = {isa = PBXBuildFile; fileRef = 579189222BC4DA2800F3624E /* Favorites.swift */; };
/* End PBXBuildFile section */

/* Begin PBXContainerItemProxy section */
		573AA4662BC1CB3300272A56 /* PBXContainerItemProxy */ = {
			isa = PBXContainerItemProxy;
			containerPortal = 573AA44C2BC1CB3200272A56 /* Project object */;
			proxyType = 1;
			remoteGlobalIDString = 573AA4532BC1CB3200272A56;
			remoteInfo = SnowSeeker;
		};
		573AA4702BC1CB3300272A56 /* PBXContainerItemProxy */ = {
			isa = PBXContainerItemProxy;
			containerPortal = 573AA44C2BC1CB3200272A56 /* Project object */;
			proxyType = 1;
			remoteGlobalIDString = 573AA4532BC1CB3200272A56;
			remoteInfo = SnowSeeker;
		};
/* End PBXContainerItemProxy section */

/* Begin PBXFileReference section */
		573AA4542BC1CB3200272A56 /* SnowSeeker.app */ = {isa = PBXFileReference; explicitFileType = wrapper.application; includeInIndex = 0; path = SnowSeeker.app; sourceTree = BUILT_PRODUCTS_DIR; };
		573AA4572BC1CB3200272A56 /* SnowSeekerApp.swift */ = {isa = PBXFileReference; lastKnownFileType = sourcecode.swift; path = SnowSeekerApp.swift; sourceTree = "<group>"; };
		573AA4592BC1CB3200272A56 /* ContentView.swift */ = {isa = PBXFileReference; lastKnownFileType = sourcecode.swift; path = ContentView.swift; sourceTree = "<group>"; };
		573AA45B2BC1CB3300272A56 /* Assets.xcassets */ = {isa = PBXFileReference; lastKnownFileType = folder.assetcatalog; path = Assets.xcassets; sourceTree = "<group>"; };
		573AA45D2BC1CB3300272A56 /* SnowSeeker.entitlements */ = {isa = PBXFileReference; lastKnownFileType = text.plist.entitlements; path = SnowSeeker.entitlements; sourceTree = "<group>"; };
		573AA45F2BC1CB3300272A56 /* Preview Assets.xcassets */ = {isa = PBXFileReference; lastKnownFileType = folder.assetcatalog; path = "Preview Assets.xcassets"; sourceTree = "<group>"; };
		573AA4652BC1CB3300272A56 /* SnowSeekerTests.xctest */ = {isa = PBXFileReference; explicitFileType = wrapper.cfbundle; includeInIndex = 0; path = SnowSeekerTests.xctest; sourceTree = BUILT_PRODUCTS_DIR; };
		573AA4692BC1CB3300272A56 /* SnowSeekerTests.swift */ = {isa = PBXFileReference; lastKnownFileType = sourcecode.swift; path = SnowSeekerTests.swift; sourceTree = "<group>"; };
		573AA46F2BC1CB3300272A56 /* SnowSeekerUITests.xctest */ = {isa = PBXFileReference; explicitFileType = wrapper.cfbundle; includeInIndex = 0; path = SnowSeekerUITests.xctest; sourceTree = BUILT_PRODUCTS_DIR; };
		573AA4732BC1CB3300272A56 /* SnowSeekerUITests.swift */ = {isa = PBXFileReference; lastKnownFileType = sourcecode.swift; path = SnowSeekerUITests.swift; sourceTree = "<group>"; };
		573AA4752BC1CB3300272A56 /* SnowSeekerUITestsLaunchTests.swift */ = {isa = PBXFileReference; lastKnownFileType = sourcecode.swift; path = SnowSeekerUITestsLaunchTests.swift; sourceTree = "<group>"; };
		579189122BC3A3C700F3624E /* resorts.json */ = {isa = PBXFileReference; fileEncoding = 4; lastKnownFileType = text.json; path = resorts.json; sourceTree = "<group>"; };
		579189142BC3A3FE00F3624E /* Resort.swift */ = {isa = PBXFileReference; lastKnownFileType = sourcecode.swift; path = Resort.swift; sourceTree = "<group>"; };
		579189162BC3A46000F3624E /* Bundle-Decoable.swift */ = {isa = PBXFileReference; lastKnownFileType = sourcecode.swift; path = "Bundle-Decoable.swift"; sourceTree = "<group>"; };
		579189182BC3A85000F3624E /* WelcomeView.swift */ = {isa = PBXFileReference; lastKnownFileType = sourcecode.swift; path = WelcomeView.swift; sourceTree = "<group>"; };
		5791891A2BC3ACB700F3624E /* ResortView.swift */ = {isa = PBXFileReference; lastKnownFileType = sourcecode.swift; path = ResortView.swift; sourceTree = "<group>"; };
		5791891C2BC3ADD700F3624E /* SkiDetailsView.swift */ = {isa = PBXFileReference; lastKnownFileType = sourcecode.swift; path = SkiDetailsView.swift; sourceTree = "<group>"; };
		5791891E2BC3AE6B00F3624E /* ResortDetailsView.swift */ = {isa = PBXFileReference; lastKnownFileType = sourcecode.swift; path = ResortDetailsView.swift; sourceTree = "<group>"; };
		579189202BC4C85C00F3624E /* Facility.swift */ = {isa = PBXFileReference; lastKnownFileType = sourcecode.swift; path = Facility.swift; sourceTree = "<group>"; };
		579189222BC4DA2800F3624E /* Favorites.swift */ = {isa = PBXFileReference; lastKnownFileType = sourcecode.swift; path = Favorites.swift; sourceTree = "<group>"; };
/* End PBXFileReference section */

/* Begin PBXFrameworksBuildPhase section */
		573AA4512BC1CB3200272A56 /* Frameworks */ = {
			isa = PBXFrameworksBuildPhase;
			buildActionMask = 2147483647;
			files = (
			);
			runOnlyForDeploymentPostprocessing = 0;
		};
		573AA4622BC1CB3300272A56 /* Frameworks */ = {
			isa = PBXFrameworksBuildPhase;
			buildActionMask = 2147483647;
			files = (
			);
			runOnlyForDeploymentPostprocessing = 0;
		};
		573AA46C2BC1CB3300272A56 /* Frameworks */ = {
			isa = PBXFrameworksBuildPhase;
			buildActionMask = 2147483647;
			files = (
			);
			runOnlyForDeploymentPostprocessing = 0;
		};
/* End PBXFrameworksBuildPhase section */

/* Begin PBXGroup section */
		573AA44B2BC1CB3200272A56 = {
			isa = PBXGroup;
			children = (
				573AA4562BC1CB3200272A56 /* SnowSeeker */,
				573AA4682BC1CB3300272A56 /* SnowSeekerTests */,
				573AA4722BC1CB3300272A56 /* SnowSeekerUITests */,
				573AA4552BC1CB3200272A56 /* Products */,
			);
			sourceTree = "<group>";
		};
		573AA4552BC1CB3200272A56 /* Products */ = {
			isa = PBXGroup;
			children = (
				573AA4542BC1CB3200272A56 /* SnowSeeker.app */,
				573AA4652BC1CB3300272A56 /* SnowSeekerTests.xctest */,
				573AA46F2BC1CB3300272A56 /* SnowSeekerUITests.xctest */,
			);
			name = Products;
			sourceTree = "<group>";
		};
		573AA4562BC1CB3200272A56 /* SnowSeeker */ = {
			isa = PBXGroup;
			children = (
				573AA45B2BC1CB3300272A56 /* Assets.xcassets */,
				579189162BC3A46000F3624E /* Bundle-Decoable.swift */,
				573AA4592BC1CB3200272A56 /* ContentView.swift */,
				5791891A2BC3ACB700F3624E /* ResortView.swift */,
				5791891C2BC3ADD700F3624E /* SkiDetailsView.swift */,
				5791891E2BC3AE6B00F3624E /* ResortDetailsView.swift */,
				579189182BC3A85000F3624E /* WelcomeView.swift */,
				573AA45E2BC1CB3300272A56 /* Preview Content */,
				579189142BC3A3FE00F3624E /* Resort.swift */,
				579189202BC4C85C00F3624E /* Facility.swift */,
				579189122BC3A3C700F3624E /* resorts.json */,
				573AA45D2BC1CB3300272A56 /* SnowSeeker.entitlements */,
				573AA4572BC1CB3200272A56 /* SnowSeekerApp.swift */,
				579189222BC4DA2800F3624E /* Favorites.swift */,
			);
			path = SnowSeeker;
			sourceTree = "<group>";
		};
		573AA45E2BC1CB3300272A56 /* Preview Content */ = {
			isa = PBXGroup;
			children = (
				573AA45F2BC1CB3300272A56 /* Preview Assets.xcassets */,
			);
			path = "Preview Content";
			sourceTree = "<group>";
		};
		573AA4682BC1CB3300272A56 /* SnowSeekerTests */ = {
			isa = PBXGroup;
			children = (
				573AA4692BC1CB3300272A56 /* SnowSeekerTests.swift */,
			);
			path = SnowSeekerTests;
			sourceTree = "<group>";
		};
		573AA4722BC1CB3300272A56 /* SnowSeekerUITests */ = {
			isa = PBXGroup;
			children = (
				573AA4732BC1CB3300272A56 /* SnowSeekerUITests.swift */,
				573AA4752BC1CB3300272A56 /* SnowSeekerUITestsLaunchTests.swift */,
			);
			path = SnowSeekerUITests;
			sourceTree = "<group>";
		};
/* End PBXGroup section */

/* Begin PBXNativeTarget section */
		573AA4532BC1CB3200272A56 /* SnowSeeker */ = {
			isa = PBXNativeTarget;
			buildConfigurationList = 573AA4792BC1CB3300272A56 /* Build configuration list for PBXNativeTarget "SnowSeeker" */;
			buildPhases = (
				573AA4502BC1CB3200272A56 /* Sources */,
				573AA4512BC1CB3200272A56 /* Frameworks */,
				573AA4522BC1CB3200272A56 /* Resources */,
			);
			buildRules = (
			);
			dependencies = (
			);
			name = SnowSeeker;
			productName = SnowSeeker;
			productReference = 573AA4542BC1CB3200272A56 /* SnowSeeker.app */;
			productType = "com.apple.product-type.application";
		};
		573AA4642BC1CB3300272A56 /* SnowSeekerTests */ = {
			isa = PBXNativeTarget;
			buildConfigurationList = 573AA47C2BC1CB3300272A56 /* Build configuration list for PBXNativeTarget "SnowSeekerTests" */;
			buildPhases = (
				573AA4612BC1CB3300272A56 /* Sources */,
				573AA4622BC1CB3300272A56 /* Frameworks */,
				573AA4632BC1CB3300272A56 /* Resources */,
			);
			buildRules = (
			);
			dependencies = (
				573AA4672BC1CB3300272A56 /* PBXTargetDependency */,
			);
			name = SnowSeekerTests;
			productName = SnowSeekerTests;
			productReference = 573AA4652BC1CB3300272A56 /* SnowSeekerTests.xctest */;
			productType = "com.apple.product-type.bundle.unit-test";
		};
		573AA46E2BC1CB3300272A56 /* SnowSeekerUITests */ = {
			isa = PBXNativeTarget;
			buildConfigurationList = 573AA47F2BC1CB3300272A56 /* Build configuration list for PBXNativeTarget "SnowSeekerUITests" */;
			buildPhases = (
				573AA46B2BC1CB3300272A56 /* Sources */,
				573AA46C2BC1CB3300272A56 /* Frameworks */,
				573AA46D2BC1CB3300272A56 /* Resources */,
			);
			buildRules = (
			);
			dependencies = (
				573AA4712BC1CB3300272A56 /* PBXTargetDependency */,
			);
			name = SnowSeekerUITests;
			productName = SnowSeekerUITests;
			productReference = 573AA46F2BC1CB3300272A56 /* SnowSeekerUITests.xctest */;
			productType = "com.apple.product-type.bundle.ui-testing";
		};
/* End PBXNativeTarget section */

/* Begin PBXProject section */
		573AA44C2BC1CB3200272A56 /* Project object */ = {
			isa = PBXProject;
			attributes = {
				BuildIndependentTargetsInParallel = 1;
				LastSwiftUpdateCheck = 1510;
				LastUpgradeCheck = 1510;
				TargetAttributes = {
					573AA4532BC1CB3200272A56 = {
						CreatedOnToolsVersion = 15.1;
					};
					573AA4642BC1CB3300272A56 = {
						CreatedOnToolsVersion = 15.1;
						TestTargetID = 573AA4532BC1CB3200272A56;
					};
					573AA46E2BC1CB3300272A56 = {
						CreatedOnToolsVersion = 15.1;
						TestTargetID = 573AA4532BC1CB3200272A56;
					};
				};
			};
			buildConfigurationList = 573AA44F2BC1CB3200272A56 /* Build configuration list for PBXProject "SnowSeeker" */;
			compatibilityVersion = "Xcode 14.0";
			developmentRegion = en;
			hasScannedForEncodings = 0;
			knownRegions = (
				en,
				Base,
			);
			mainGroup = 573AA44B2BC1CB3200272A56;
			productRefGroup = 573AA4552BC1CB3200272A56 /* Products */;
			projectDirPath = "";
			projectRoot = "";
			targets = (
				573AA4532BC1CB3200272A56 /* SnowSeeker */,
				573AA4642BC1CB3300272A56 /* SnowSeekerTests */,
				573AA46E2BC1CB3300272A56 /* SnowSeekerUITests */,
			);
		};
/* End PBXProject section */

/* Begin PBXResourcesBuildPhase section */
		573AA4522BC1CB3200272A56 /* Resources */ = {
			isa = PBXResourcesBuildPhase;
			buildActionMask = 2147483647;
			files = (
				579189132BC3A3C700F3624E /* resorts.json in Resources */,
				573AA4602BC1CB3300272A56 /* Preview Assets.xcassets in Resources */,
				573AA45C2BC1CB3300272A56 /* Assets.xcassets in Resources */,
			);
			runOnlyForDeploymentPostprocessing = 0;
		};
		573AA4632BC1CB3300272A56 /* Resources */ = {
			isa = PBXResourcesBuildPhase;
			buildActionMask = 2147483647;
			files = (
			);
			runOnlyForDeploymentPostprocessing = 0;
		};
		573AA46D2BC1CB3300272A56 /* Resources */ = {
			isa = PBXResourcesBuildPhase;
			buildActionMask = 2147483647;
			files = (
			);
			runOnlyForDeploymentPostprocessing = 0;
		};
/* End PBXResourcesBuildPhase section */

/* Begin PBXSourcesBuildPhase section */
		573AA4502BC1CB3200272A56 /* Sources */ = {
			isa = PBXSourcesBuildPhase;
			buildActionMask = 2147483647;
			files = (
				579189192BC3A85000F3624E /* WelcomeView.swift in Sources */,
				5791891D2BC3ADD700F3624E /* SkiDetailsView.swift in Sources */,
				5791891F2BC3AE6B00F3624E /* ResortDetailsView.swift in Sources */,
				579189232BC4DA2800F3624E /* Favorites.swift in Sources */,
				579189212BC4C85C00F3624E /* Facility.swift in Sources */,
				573AA45A2BC1CB3200272A56 /* ContentView.swift in Sources */,
				579189152BC3A3FE00F3624E /* Resort.swift in Sources */,
				5791891B2BC3ACB700F3624E /* ResortView.swift in Sources */,
				579189172BC3A46000F3624E /* Bundle-Decoable.swift in Sources */,
				573AA4582BC1CB3200272A56 /* SnowSeekerApp.swift in Sources */,
			);
			runOnlyForDeploymentPostprocessing = 0;
		};
		573AA4612BC1CB3300272A56 /* Sources */ = {
			isa = PBXSourcesBuildPhase;
			buildActionMask = 2147483647;
			files = (
				573AA46A2BC1CB3300272A56 /* SnowSeekerTests.swift in Sources */,
			);
			runOnlyForDeploymentPostprocessing = 0;
		};
		573AA46B2BC1CB3300272A56 /* Sources */ = {
			isa = PBXSourcesBuildPhase;
			buildActionMask = 2147483647;
			files = (
				573AA4762BC1CB3300272A56 /* SnowSeekerUITestsLaunchTests.swift in Sources */,
				573AA4742BC1CB3300272A56 /* SnowSeekerUITests.swift in Sources */,
			);
			runOnlyForDeploymentPostprocessing = 0;
		};
/* End PBXSourcesBuildPhase section */

/* Begin PBXTargetDependency section */
		573AA4672BC1CB3300272A56 /* PBXTargetDependency */ = {
			isa = PBXTargetDependency;
			target = 573AA4532BC1CB3200272A56 /* SnowSeeker */;
			targetProxy = 573AA4662BC1CB3300272A56 /* PBXContainerItemProxy */;
		};
		573AA4712BC1CB3300272A56 /* PBXTargetDependency */ = {
			isa = PBXTargetDependency;
			target = 573AA4532BC1CB3200272A56 /* SnowSeeker */;
			targetProxy = 573AA4702BC1CB3300272A56 /* PBXContainerItemProxy */;
		};
/* End PBXTargetDependency section */

/* Begin XCBuildConfiguration section */
		573AA4772BC1CB3300272A56 /* Debug */ = {
			isa = XCBuildConfiguration;
			buildSettings = {
				ALWAYS_SEARCH_USER_PATHS = NO;
				ASSETCATALOG_COMPILER_GENERATE_SWIFT_ASSET_SYMBOL_EXTENSIONS = YES;
				CLANG_ANALYZER_NONNULL = YES;
				CLANG_ANALYZER_NUMBER_OBJECT_CONVERSION = YES_AGGRESSIVE;
				CLANG_CXX_LANGUAGE_STANDARD = "gnu++20";
				CLANG_ENABLE_MODULES = YES;
				CLANG_ENABLE_OBJC_ARC = YES;
				CLANG_ENABLE_OBJC_WEAK = YES;
				CLANG_WARN_BLOCK_CAPTURE_AUTORELEASING = YES;
				CLANG_WARN_BOOL_CONVERSION = YES;
				CLANG_WARN_COMMA = YES;
				CLANG_WARN_CONSTANT_CONVERSION = YES;
				CLANG_WARN_DEPRECATED_OBJC_IMPLEMENTATIONS = YES;
				CLANG_WARN_DIRECT_OBJC_ISA_USAGE = YES_ERROR;
				CLANG_WARN_DOCUMENTATION_COMMENTS = YES;
				CLANG_WARN_EMPTY_BODY = YES;
				CLANG_WARN_ENUM_CONVERSION = YES;
				CLANG_WARN_INFINITE_RECURSION = YES;
				CLANG_WARN_INT_CONVERSION = YES;
				CLANG_WARN_NON_LITERAL_NULL_CONVERSION = YES;
				CLANG_WARN_OBJC_IMPLICIT_RETAIN_SELF = YES;
				CLANG_WARN_OBJC_LITERAL_CONVERSION = YES;
				CLANG_WARN_OBJC_ROOT_CLASS = YES_ERROR;
				CLANG_WARN_QUOTED_INCLUDE_IN_FRAMEWORK_HEADER = YES;
				CLANG_WARN_RANGE_LOOP_ANALYSIS = YES;
				CLANG_WARN_STRICT_PROTOTYPES = YES;
				CLANG_WARN_SUSPICIOUS_MOVE = YES;
				CLANG_WARN_UNGUARDED_AVAILABILITY = YES_AGGRESSIVE;
				CLANG_WARN_UNREACHABLE_CODE = YES;
				CLANG_WARN__DUPLICATE_METHOD_MATCH = YES;
				COPY_PHASE_STRIP = NO;
				DEBUG_INFORMATION_FORMAT = dwarf;
				ENABLE_STRICT_OBJC_MSGSEND = YES;
				ENABLE_TESTABILITY = YES;
				ENABLE_USER_SCRIPT_SANDBOXING = YES;
				GCC_C_LANGUAGE_STANDARD = gnu17;
				GCC_DYNAMIC_NO_PIC = NO;
				GCC_NO_COMMON_BLOCKS = YES;
				GCC_OPTIMIZATION_LEVEL = 0;
				GCC_PREPROCESSOR_DEFINITIONS = (
					"DEBUG=1",
					"$(inherited)",
				);
				GCC_WARN_64_TO_32_BIT_CONVERSION = YES;
				GCC_WARN_ABOUT_RETURN_TYPE = YES_ERROR;
				GCC_WARN_UNDECLARED_SELECTOR = YES;
				GCC_WARN_UNINITIALIZED_AUTOS = YES_AGGRESSIVE;
				GCC_WARN_UNUSED_FUNCTION = YES;
				GCC_WARN_UNUSED_VARIABLE = YES;
				LOCALIZATION_PREFERS_STRING_CATALOGS = YES;
				MTL_ENABLE_DEBUG_INFO = INCLUDE_SOURCE;
				MTL_FAST_MATH = YES;
				ONLY_ACTIVE_ARCH = YES;
				SWIFT_ACTIVE_COMPILATION_CONDITIONS = "DEBUG $(inherited)";
				SWIFT_OPTIMIZATION_LEVEL = "-Onone";
			};
			name = Debug;
		};
		573AA4782BC1CB3300272A56 /* Release */ = {
			isa = XCBuildConfiguration;
			buildSettings = {
				ALWAYS_SEARCH_USER_PATHS = NO;
				ASSETCATALOG_COMPILER_GENERATE_SWIFT_ASSET_SYMBOL_EXTENSIONS = YES;
				CLANG_ANALYZER_NONNULL = YES;
				CLANG_ANALYZER_NUMBER_OBJECT_CONVERSION = YES_AGGRESSIVE;
				CLANG_CXX_LANGUAGE_STANDARD = "gnu++20";
				CLANG_ENABLE_MODULES = YES;
				CLANG_ENABLE_OBJC_ARC = YES;
				CLANG_ENABLE_OBJC_WEAK = YES;
				CLANG_WARN_BLOCK_CAPTURE_AUTORELEASING = YES;
				CLANG_WARN_BOOL_CONVERSION = YES;
				CLANG_WARN_COMMA = YES;
				CLANG_WARN_CONSTANT_CONVERSION = YES;
				CLANG_WARN_DEPRECATED_OBJC_IMPLEMENTATIONS = YES;
				CLANG_WARN_DIRECT_OBJC_ISA_USAGE = YES_ERROR;
				CLANG_WARN_DOCUMENTATION_COMMENTS = YES;
				CLANG_WARN_EMPTY_BODY = YES;
				CLANG_WARN_ENUM_CONVERSION = YES;
				CLANG_WARN_INFINITE_RECURSION = YES;
				CLANG_WARN_INT_CONVERSION = YES;
				CLANG_WARN_NON_LITERAL_NULL_CONVERSION = YES;
				CLANG_WARN_OBJC_IMPLICIT_RETAIN_SELF = YES;
				CLANG_WARN_OBJC_LITERAL_CONVERSION = YES;
				CLANG_WARN_OBJC_ROOT_CLASS = YES_ERROR;
				CLANG_WARN_QUOTED_INCLUDE_IN_FRAMEWORK_HEADER = YES;
				CLANG_WARN_RANGE_LOOP_ANALYSIS = YES;
				CLANG_WARN_STRICT_PROTOTYPES = YES;
				CLANG_WARN_SUSPICIOUS_MOVE = YES;
				CLANG_WARN_UNGUARDED_AVAILABILITY = YES_AGGRESSIVE;
				CLANG_WARN_UNREACHABLE_CODE = YES;
				CLANG_WARN__DUPLICATE_METHOD_MATCH = YES;
				COPY_PHASE_STRIP = NO;
				DEBUG_INFORMATION_FORMAT = "dwarf-with-dsym";
				ENABLE_NS_ASSERTIONS = NO;
				ENABLE_STRICT_OBJC_MSGSEND = YES;
				ENABLE_USER_SCRIPT_SANDBOXING = YES;
				GCC_C_LANGUAGE_STANDARD = gnu17;
				GCC_NO_COMMON_BLOCKS = YES;
				GCC_WARN_64_TO_32_BIT_CONVERSION = YES;
				GCC_WARN_ABOUT_RETURN_TYPE = YES_ERROR;
				GCC_WARN_UNDECLARED_SELECTOR = YES;
				GCC_WARN_UNINITIALIZED_AUTOS = YES_AGGRESSIVE;
				GCC_WARN_UNUSED_FUNCTION = YES;
				GCC_WARN_UNUSED_VARIABLE = YES;
				LOCALIZATION_PREFERS_STRING_CATALOGS = YES;
				MTL_ENABLE_DEBUG_INFO = NO;
				MTL_FAST_MATH = YES;
				SWIFT_COMPILATION_MODE = wholemodule;
			};
			name = Release;
		};
		573AA47A2BC1CB3300272A56 /* Debug */ = {
			isa = XCBuildConfiguration;
			buildSettings = {
				ASSETCATALOG_COMPILER_APPICON_NAME = AppIcon;
				ASSETCATALOG_COMPILER_GLOBAL_ACCENT_COLOR_NAME = AccentColor;
				CODE_SIGN_ENTITLEMENTS = SnowSeeker/SnowSeeker.entitlements;
				CODE_SIGN_STYLE = Automatic;
				CURRENT_PROJECT_VERSION = 1;
				DEVELOPMENT_ASSET_PATHS = "\"SnowSeeker/Preview Content\"";
				DEVELOPMENT_TEAM = L6R97MY7CT;
				ENABLE_HARDENED_RUNTIME = YES;
				ENABLE_PREVIEWS = YES;
				GENERATE_INFOPLIST_FILE = YES;
				"INFOPLIST_KEY_UIApplicationSceneManifest_Generation[sdk=iphoneos*]" = YES;
				"INFOPLIST_KEY_UIApplicationSceneManifest_Generation[sdk=iphonesimulator*]" = YES;
				"INFOPLIST_KEY_UIApplicationSupportsIndirectInputEvents[sdk=iphoneos*]" = YES;
				"INFOPLIST_KEY_UIApplicationSupportsIndirectInputEvents[sdk=iphonesimulator*]" = YES;
				"INFOPLIST_KEY_UILaunchScreen_Generation[sdk=iphoneos*]" = YES;
				"INFOPLIST_KEY_UILaunchScreen_Generation[sdk=iphonesimulator*]" = YES;
				"INFOPLIST_KEY_UIStatusBarStyle[sdk=iphoneos*]" = UIStatusBarStyleDefault;
				"INFOPLIST_KEY_UIStatusBarStyle[sdk=iphonesimulator*]" = UIStatusBarStyleDefault;
				INFOPLIST_KEY_UISupportedInterfaceOrientations_iPad = "UIInterfaceOrientationPortrait UIInterfaceOrientationPortraitUpsideDown UIInterfaceOrientationLandscapeLeft UIInterfaceOrientationLandscapeRight";
				INFOPLIST_KEY_UISupportedInterfaceOrientations_iPhone = "UIInterfaceOrientationPortrait UIInterfaceOrientationLandscapeLeft UIInterfaceOrientationLandscapeRight";
				IPHONEOS_DEPLOYMENT_TARGET = 17.2;
				LD_RUNPATH_SEARCH_PATHS = "@executable_path/Frameworks";
				"LD_RUNPATH_SEARCH_PATHS[sdk=macosx*]" = "@executable_path/../Frameworks";
				MACOSX_DEPLOYMENT_TARGET = 14.2;
				MARKETING_VERSION = 1.0;
				PRODUCT_BUNDLE_IDENTIFIER = ramsayleung.github.io.SnowSeeker;
				PRODUCT_NAME = "$(TARGET_NAME)";
				SDKROOT = auto;
				SUPPORTED_PLATFORMS = "iphoneos iphonesimulator macosx";
				SWIFT_EMIT_LOC_STRINGS = YES;
				SWIFT_VERSION = 5.0;
				TARGETED_DEVICE_FAMILY = "1,2";
			};
			name = Debug;
		};
		573AA47B2BC1CB3300272A56 /* Release */ = {
			isa = XCBuildConfiguration;
			buildSettings = {
				ASSETCATALOG_COMPILER_APPICON_NAME = AppIcon;
				ASSETCATALOG_COMPILER_GLOBAL_ACCENT_COLOR_NAME = AccentColor;
				CODE_SIGN_ENTITLEMENTS = SnowSeeker/SnowSeeker.entitlements;
				CODE_SIGN_STYLE = Automatic;
				CURRENT_PROJECT_VERSION = 1;
				DEVELOPMENT_ASSET_PATHS = "\"SnowSeeker/Preview Content\"";
				DEVELOPMENT_TEAM = L6R97MY7CT;
				ENABLE_HARDENED_RUNTIME = YES;
				ENABLE_PREVIEWS = YES;
				GENERATE_INFOPLIST_FILE = YES;
				"INFOPLIST_KEY_UIApplicationSceneManifest_Generation[sdk=iphoneos*]" = YES;
				"INFOPLIST_KEY_UIApplicationSceneManifest_Generation[sdk=iphonesimulator*]" = YES;
				"INFOPLIST_KEY_UIApplicationSupportsIndirectInputEvents[sdk=iphoneos*]" = YES;
				"INFOPLIST_KEY_UIApplicationSupportsIndirectInputEvents[sdk=iphonesimulator*]" = YES;
				"INFOPLIST_KEY_UILaunchScreen_Generation[sdk=iphoneos*]" = YES;
				"INFOPLIST_KEY_UILaunchScreen_Generation[sdk=iphonesimulator*]" = YES;
				"INFOPLIST_KEY_UIStatusBarStyle[sdk=iphoneos*]" = UIStatusBarStyleDefault;
				"INFOPLIST_KEY_UIStatusBarStyle[sdk=iphonesimulator*]" = UIStatusBarStyleDefault;
				INFOPLIST_KEY_UISupportedInterfaceOrientations_iPad = "UIInterfaceOrientationPortrait UIInterfaceOrientationPortraitUpsideDown UIInterfaceOrientationLandscapeLeft UIInterfaceOrientationLandscapeRight";
				INFOPLIST_KEY_UISupportedInterfaceOrientations_iPhone = "UIInterfaceOrientationPortrait UIInterfaceOrientationLandscapeLeft UIInterfaceOrientationLandscapeRight";
				IPHONEOS_DEPLOYMENT_TARGET = 17.2;
				LD_RUNPATH_SEARCH_PATHS = "@executable_path/Frameworks";
				"LD_RUNPATH_SEARCH_PATHS[sdk=macosx*]" = "@executable_path/../Frameworks";
				MACOSX_DEPLOYMENT_TARGET = 14.2;
				MARKETING_VERSION = 1.0;
				PRODUCT_BUNDLE_IDENTIFIER = ramsayleung.github.io.SnowSeeker;
				PRODUCT_NAME = "$(TARGET_NAME)";
				SDKROOT = auto;
				SUPPORTED_PLATFORMS = "iphoneos iphonesimulator macosx";
				SWIFT_EMIT_LOC_STRINGS = YES;
				SWIFT_VERSION = 5.0;
				TARGETED_DEVICE_FAMILY = "1,2";
			};
			name = Release;
		};
		573AA47D2BC1CB3300272A56 /* Debug */ = {
			isa = XCBuildConfiguration;
			buildSettings = {
				ALWAYS_EMBED_SWIFT_STANDARD_LIBRARIES = YES;
				BUNDLE_LOADER = "$(TEST_HOST)";
				CODE_SIGN_STYLE = Automatic;
				CURRENT_PROJECT_VERSION = 1;
				DEVELOPMENT_TEAM = L6R97MY7CT;
				GENERATE_INFOPLIST_FILE = YES;
				IPHONEOS_DEPLOYMENT_TARGET = 17.2;
				MACOSX_DEPLOYMENT_TARGET = 14.2;
				MARKETING_VERSION = 1.0;
				PRODUCT_BUNDLE_IDENTIFIER = ramsayleung.github.io.SnowSeekerTests;
				PRODUCT_NAME = "$(TARGET_NAME)";
				SDKROOT = auto;
				SUPPORTED_PLATFORMS = "iphoneos iphonesimulator macosx";
				SWIFT_EMIT_LOC_STRINGS = NO;
				SWIFT_VERSION = 5.0;
				TARGETED_DEVICE_FAMILY = "1,2";
				TEST_HOST = "$(BUILT_PRODUCTS_DIR)/SnowSeeker.app/$(BUNDLE_EXECUTABLE_FOLDER_PATH)/SnowSeeker";
			};
			name = Debug;
		};
		573AA47E2BC1CB3300272A56 /* Release */ = {
			isa = XCBuildConfiguration;
			buildSettings = {
				ALWAYS_EMBED_SWIFT_STANDARD_LIBRARIES = YES;
				BUNDLE_LOADER = "$(TEST_HOST)";
				CODE_SIGN_STYLE = Automatic;
				CURRENT_PROJECT_VERSION = 1;
				DEVELOPMENT_TEAM = L6R97MY7CT;
				GENERATE_INFOPLIST_FILE = YES;
				IPHONEOS_DEPLOYMENT_TARGET = 17.2;
				MACOSX_DEPLOYMENT_TARGET = 14.2;
				MARKETING_VERSION = 1.0;
				PRODUCT_BUNDLE_IDENTIFIER = ramsayleung.github.io.SnowSeekerTests;
				PRODUCT_NAME = "$(TARGET_NAME)";
				SDKROOT = auto;
				SUPPORTED_PLATFORMS = "iphoneos iphonesimulator macosx";
				SWIFT_EMIT_LOC_STRINGS = NO;
				SWIFT_VERSION = 5.0;
				TARGETED_DEVICE_FAMILY = "1,2";
				TEST_HOST = "$(BUILT_PRODUCTS_DIR)/SnowSeeker.app/$(BUNDLE_EXECUTABLE_FOLDER_PATH)/SnowSeeker";
			};
			name = Release;
		};
		573AA4802BC1CB3300272A56 /* Debug */ = {
			isa = XCBuildConfiguration;
			buildSettings = {
				ALWAYS_EMBED_SWIFT_STANDARD_LIBRARIES = YES;
				CODE_SIGN_STYLE = Automatic;
				CURRENT_PROJECT_VERSION = 1;
				DEVELOPMENT_TEAM = L6R97MY7CT;
				GENERATE_INFOPLIST_FILE = YES;
				IPHONEOS_DEPLOYMENT_TARGET = 17.2;
				MACOSX_DEPLOYMENT_TARGET = 14.2;
				MARKETING_VERSION = 1.0;
				PRODUCT_BUNDLE_IDENTIFIER = ramsayleung.github.io.SnowSeekerUITests;
				PRODUCT_NAME = "$(TARGET_NAME)";
				SDKROOT = auto;
				SUPPORTED_PLATFORMS = "iphoneos iphonesimulator macosx";
				SWIFT_EMIT_LOC_STRINGS = NO;
				SWIFT_VERSION = 5.0;
				TARGETED_DEVICE_FAMILY = "1,2";
				TEST_TARGET_NAME = SnowSeeker;
			};
			name = Debug;
		};
		573AA4812BC1CB3300272A56 /* Release */ = {
			isa = XCBuildConfiguration;
			buildSettings = {
				ALWAYS_EMBED_SWIFT_STANDARD_LIBRARIES = YES;
				CODE_SIGN_STYLE = Automatic;
				CURRENT_PROJECT_VERSION = 1;
				DEVELOPMENT_TEAM = L6R97MY7CT;
				GENERATE_INFOPLIST_FILE = YES;
				IPHONEOS_DEPLOYMENT_TARGET = 17.2;
				MACOSX_DEPLOYMENT_TARGET = 14.2;
				MARKETING_VERSION = 1.0;
				PRODUCT_BUNDLE_IDENTIFIER = ramsayleung.github.io.SnowSeekerUITests;
				PRODUCT_NAME = "$(TARGET_NAME)";
				SDKROOT = auto;
				SUPPORTED_PLATFORMS = "iphoneos iphonesimulator macosx";
				SWIFT_EMIT_LOC_STRINGS = NO;
				SWIFT_VERSION = 5.0;
				TARGETED_DEVICE_FAMILY = "1,2";
				TEST_TARGET_NAME = SnowSeeker;
			};
			name = Release;
		};
/* End XCBuildConfiguration section */

/* Begin XCConfigurationList section */
		573AA44F2BC1CB3200272A56 /* Build configuration list for PBXProject "SnowSeeker" */ = {
			isa = XCConfigurationList;
			buildConfigurations = (
				573AA4772BC1CB3300272A56 /* Debug */,
				573AA4782BC1CB3300272A56 /* Release */,
			);
			defaultConfigurationIsVisible = 0;
			defaultConfigurationName = Release;
		};
		573AA4792BC1CB3300272A56 /* Build configuration list for PBXNativeTarget "SnowSeeker" */ = {
			isa = XCConfigurationList;
			buildConfigurations = (
				573AA47A2BC1CB3300272A56 /* Debug */,
				573AA47B2BC1CB3300272A56 /* Release */,
			);
			defaultConfigurationIsVisible = 0;
			defaultConfigurationName = Release;
		};
		573AA47C2BC1CB3300272A56 /* Build configuration list for PBXNativeTarget "SnowSeekerTests" */ = {
			isa = XCConfigurationList;
			buildConfigurations = (
				573AA47D2BC1CB3300272A56 /* Debug */,
				573AA47E2BC1CB3300272A56 /* Release */,
			);
			defaultConfigurationIsVisible = 0;
			defaultConfigurationName = Release;
		};
		573AA47F2BC1CB3300272A56 /* Build configuration list for PBXNativeTarget "SnowSeekerUITests" */ = {
			isa = XCConfigurationList;
			buildConfigurations = (
				573AA4802BC1CB3300272A56 /* Debug */,
				573AA4812BC1CB3300272A56 /* Release */,
			);
			defaultConfigurationIsVisible = 0;
			defaultConfigurationName = Release;
		};
/* End XCConfigurationList section */
	};
	rootObject = 573AA44C2BC1CB3200272A56 /* Project object */;
}
